
Microsoft Visual Studio Solution File, Format Version 12.00
# Visual Studio Version 17
VisualStudioVersion = 17.1.32328.378
MinimumVisualStudioVersion = 10.0.40219.1
Project("{FAE04EC0-301F-11D3-BF4B-00C04F79EFBC}") = "WpfApp_Abstract_Notes", "WpfApp_Abstract_Notes.csproj", "{FFC369A2-420A-4004-B9AD-28FE2C6A51C4}"
EndProject
Global
	GlobalSection(SolutionConfigurationPlatforms) = preSolution
		Debug|Any CPU = Debug|Any CPU
		Release|Any CPU = Release|Any CPU
	EndGlobalSection
	GlobalSection(ProjectConfigurationPlatforms) = postSolution
		{FFC369A2-420A-4004-B9AD-28FE2C6A51C4}.Debug|Any CPU.ActiveCfg = Debug|Any CPU
		{FFC369A2-420A-4004-B9AD-28FE2C6A51C4}.Debug|Any CPU.Build.0 = Debug|Any CPU
		{FFC369A2-420A-4004-B9AD-28FE2C6A51C4}.Release|Any CPU.ActiveCfg = Release|Any CPU
		{FFC369A2-420A-4004-B9AD-28FE2C6A51C4}.Release|Any CPU.Build.0 = Release|Any CPU
	EndGlobalSection
	GlobalSection(SolutionProperties) = preSolution
		HideSolutionNode = FALSE
	EndGlobalSection
	GlobalSection(ExtensibilityGlobals) = postSolution
		SolutionGuid = {91B7F8A4-C7EB-4665-B813-327E1E6C5FC7}
	EndGlobalSection
EndGlobal
